
Microsoft Visual Studio Solution File, Format Version 12.00
Project("{FAE04EC0-301F-11D3-BF4B-00C04F79EFBC}") = "MindboxLib", "MindboxLib\MindboxLib.csproj", "{F1C4CC20-6604-4D2C-B2B6-70B133AE4E69}"
EndProject
Project("{FAE04EC0-301F-11D3-BF4B-00C04F79EFBC}") = "LibTests", "LibTests\LibTests.csproj", "{DD4A24C8-594B-4C67-940C-56859AB67783}"
EndProject
Global
	GlobalSection(SolutionConfigurationPlatforms) = preSolution
		Debug|Any CPU = Debug|Any CPU
		Release|Any CPU = Release|Any CPU
	EndGlobalSection
	GlobalSection(ProjectConfigurationPlatforms) = postSolution
		{F1C4CC20-6604-4D2C-B2B6-70B133AE4E69}.Debug|Any CPU.ActiveCfg = Debug|Any CPU
		{F1C4CC20-6604-4D2C-B2B6-70B133AE4E69}.Debug|Any CPU.Build.0 = Debug|Any CPU
		{F1C4CC20-6604-4D2C-B2B6-70B133AE4E69}.Release|Any CPU.ActiveCfg = Release|Any CPU
		{F1C4CC20-6604-4D2C-B2B6-70B133AE4E69}.Release|Any CPU.Build.0 = Release|Any CPU
		{DD4A24C8-594B-4C67-940C-56859AB67783}.Debug|Any CPU.ActiveCfg = Debug|Any CPU
		{DD4A24C8-594B-4C67-940C-56859AB67783}.Debug|Any CPU.Build.0 = Debug|Any CPU
		{DD4A24C8-594B-4C67-940C-56859AB67783}.Release|Any CPU.ActiveCfg = Release|Any CPU
		{DD4A24C8-594B-4C67-940C-56859AB67783}.Release|Any CPU.Build.0 = Release|Any CPU
	EndGlobalSection
EndGlobal
